{
  "nodes": {
    "fenix": {
      "inputs": {
        "nixpkgs": [
          "nixpkgs"
        ],
        "rust-analyzer-src": "rust-analyzer-src"
      },
      "locked": {
        "lastModified": 1688797359,
        "narHash": "sha256-lsOxrhEc4AuHsNboOimsvbL3vtRCWm6Re6inKCr/p4k=",
        "owner": "nix-community",
        "repo": "fenix",
        "rev": "207c664b137bf699b276481614d176b9bbe9f537",
        "type": "github"
      },
      "original": {
        "owner": "nix-community",
        "repo": "fenix",
        "type": "github"
      }
    },
    "home-manager": {
      "inputs": {
        "nixpkgs": [
          "nixpkgs"
        ]
      },
      "locked": {
        "lastModified": 1688853517,
        "narHash": "sha256-oatIWiJI13an13XOX43pnKMRmqzQOUgF/IVNG73r8nA=",
        "owner": "nix-community",
        "repo": "home-manager",
        "rev": "e15010ee6e9bd356a6746ff9b9f9a9097ee8ddcf",
        "type": "github"
      },
      "original": {
        "owner": "nix-community",
        "repo": "home-manager",
        "type": "github"
      }
    },
    "nixpkgs": {
      "locked": {
        "lastModified": 1688679045,
        "narHash": "sha256-t3xGEfYIwhaLTPU8FLtN/pLPytNeDwbLI6a7XFFBlGo=",
        "owner": "nixos",
        "repo": "nixpkgs",
        "rev": "3c7487575d9445185249a159046cc02ff364bff8",
        "type": "github"
      },
      "original": {
        "owner": "nixos",
        "ref": "nixos-unstable",
        "repo": "nixpkgs",
        "type": "github"
      }
    },
    "nixpkgs-old": {
      "locked": {
        "lastModified": 1622516815,
        "narHash": "sha256-ZjBd81a6J3TwtlBr3rHsZspYUwT9OdhDk+a/SgSEf7I=",
        "owner": "NixOS",
        "repo": "nixpkgs",
        "rev": "7e9b0dff974c89e070da1ad85713ff3c20b0ca97",
        "type": "github"
      },
      "original": {
        "owner": "NixOS",
        "ref": "21.05",
        "repo": "nixpkgs",
        "type": "github"
      }
    },
    "nixpkgs_2": {
      "locked": {
        "lastModified": 1686380562,
        "narHash": "sha256-B2GnkoTiZA3+szD5YAaAswsQKT/kR0Jm3ew+qpnn9fI=",
        "owner": "NixOS",
        "repo": "nixpkgs",
        "rev": "27d63d563f7915f7568a2fa84af009e1ecad12dd",
        "type": "github"
      },
      "original": {
        "owner": "NixOS",
        "repo": "nixpkgs",
        "type": "github"
      }
    },
    "root": {
      "inputs": {
        "fenix": "fenix",
        "home-manager": "home-manager",
        "nixpkgs": "nixpkgs",
        "slippi": "slippi"
      }
    },
    "rust-analyzer-src": {
      "flake": false,
      "locked": {
        "lastModified": 1688765894,
        "narHash": "sha256-+ZjwtTxYn3eTy77XG3R1/cihNdrFZc1JxfojORqhMfU=",
        "owner": "rust-lang",
        "repo": "rust-analyzer",
        "rev": "db0add1ce92af58a92b2a80990044ae21713ae29",
        "type": "github"
      },
      "original": {
        "owner": "rust-lang",
        "ref": "nightly",
        "repo": "rust-analyzer",
        "type": "github"
      }
    },
    "slippi": {
      "inputs": {
        "nixpkgs": "nixpkgs_2",
        "nixpkgs-old": "nixpkgs-old"
      },
      "locked": {
        "lastModified": 1,
        "narHash": "sha256-XgJKfFHwX3x4AG/+h9IlAs9H98kpqCSdzdp5AavYbbo=",
        "path": "flakes/slippi",
        "type": "path"
      },
      "original": {
        "path": "flakes/slippi",
        "type": "path"
      }
    }
  },
  "root": "root",
  "version": 7
}
