{
  "nodes": {
    "fenix": {
      "inputs": {
        "nixpkgs": [
          "nixpkgs"
        ],
        "rust-analyzer-src": "rust-analyzer-src"
      },
      "locked": {
        "lastModified": 1697869218,
        "narHash": "sha256-6xvEGBaIFg9nruyvmznfGjWgi5uSezbLyDqgEJKLV90=",
        "owner": "nix-community",
        "repo": "fenix",
        "rev": "595a9eed67a4bf54dfe3e5c3299362a695fef758",
        "type": "github"
      },
      "original": {
        "owner": "nix-community",
        "repo": "fenix",
        "type": "github"
      }
    },
    "flake-parts": {
      "inputs": {
        "nixpkgs-lib": "nixpkgs-lib"
      },
      "locked": {
        "lastModified": 1693611461,
        "narHash": "sha256-aPODl8vAgGQ0ZYFIRisxYG5MOGSkIczvu2Cd8Gb9+1Y=",
        "owner": "hercules-ci",
        "repo": "flake-parts",
        "rev": "7f53fdb7bdc5bb237da7fefef12d099e4fd611ca",
        "type": "github"
      },
      "original": {
        "owner": "hercules-ci",
        "repo": "flake-parts",
        "type": "github"
      }
    },
    "home-manager": {
      "inputs": {
        "nixpkgs": [
          "nixpkgs"
        ]
      },
      "locked": {
        "lastModified": 1697838989,
        "narHash": "sha256-hwVlO+st8vWJO6iy3/JbMHrUyY4Ak7xUSmffoWqBPUg=",
        "owner": "nix-community",
        "repo": "home-manager",
        "rev": "ae631b0b20f06f7d239d160723d228891ddb2fe0",
        "type": "github"
      },
      "original": {
        "owner": "nix-community",
        "repo": "home-manager",
        "type": "github"
      }
    },
    "nixpkgs": {
      "locked": {
        "lastModified": 1697723726,
        "narHash": "sha256-SaTWPkI8a5xSHX/rrKzUe+/uVNy6zCGMXgoeMb7T9rg=",
        "owner": "nixos",
        "repo": "nixpkgs",
        "rev": "7c9cc5a6e5d38010801741ac830a3f8fd667a7a0",
        "type": "github"
      },
      "original": {
        "owner": "nixos",
        "ref": "nixos-unstable",
        "repo": "nixpkgs",
        "type": "github"
      }
    },
    "nixpkgs-lib": {
      "locked": {
        "dir": "lib",
        "lastModified": 1693471703,
        "narHash": "sha256-0l03ZBL8P1P6z8MaSDS/MvuU8E75rVxe5eE1N6gxeTo=",
        "owner": "NixOS",
        "repo": "nixpkgs",
        "rev": "3e52e76b70d5508f3cec70b882a29199f4d1ee85",
        "type": "github"
      },
      "original": {
        "dir": "lib",
        "owner": "NixOS",
        "ref": "nixos-unstable",
        "repo": "nixpkgs",
        "type": "github"
      }
    },
    "nixpkgs-old": {
      "locked": {
        "lastModified": 1622516815,
        "narHash": "sha256-ZjBd81a6J3TwtlBr3rHsZspYUwT9OdhDk+a/SgSEf7I=",
        "owner": "NixOS",
        "repo": "nixpkgs",
        "rev": "7e9b0dff974c89e070da1ad85713ff3c20b0ca97",
        "type": "github"
      },
      "original": {
        "owner": "NixOS",
        "ref": "21.05",
        "repo": "nixpkgs",
        "type": "github"
      }
    },
    "nixpkgs_2": {
      "locked": {
        "lastModified": 1693355128,
        "narHash": "sha256-+ZoAny3ZxLcfMaUoLVgL9Ywb/57wP+EtsdNGuXUJrwg=",
        "owner": "NixOS",
        "repo": "nixpkgs",
        "rev": "a63a64b593dcf2fe05f7c5d666eb395950f36bc9",
        "type": "github"
      },
      "original": {
        "owner": "NixOS",
        "repo": "nixpkgs",
        "type": "github"
      }
    },
    "root": {
      "inputs": {
        "fenix": "fenix",
        "home-manager": "home-manager",
        "nixpkgs": "nixpkgs",
        "slippi": "slippi",
        "tower-unite-cache": "tower-unite-cache"
      }
    },
    "rust-analyzer-src": {
      "flake": false,
      "locked": {
        "lastModified": 1697820143,
        "narHash": "sha256-wcqAeCB+pv+BzVd1VkXYZ+fyPzMy+YdxaOuLS7XHIhY=",
        "owner": "rust-lang",
        "repo": "rust-analyzer",
        "rev": "954fb1d673107f3de5cab9b06cb3d1a2323eb6e0",
        "type": "github"
      },
      "original": {
        "owner": "rust-lang",
        "ref": "nightly",
        "repo": "rust-analyzer",
        "type": "github"
      }
    },
    "slippi": {
      "inputs": {
        "nixpkgs": "nixpkgs_2",
        "nixpkgs-old": "nixpkgs-old"
      },
      "locked": {
        "lastModified": 1,
        "narHash": "sha256-pKFgV5hfOyJUN2gkM/Mg2YQlb/4DJe19EYBPxNypm7c=",
        "path": "flakes/slippi",
        "type": "path"
      },
      "original": {
        "path": "flakes/slippi",
        "type": "path"
      }
    },
    "tower-unite-cache": {
      "inputs": {
        "flake-parts": "flake-parts",
        "nixpkgs": [
          "nixpkgs"
        ]
      },
      "locked": {
        "lastModified": 1695881415,
        "narHash": "sha256-YEwMA/UyAPqDZ4t/iN/LVDS+RW9TU1zXZDfd6/YN1so=",
        "owner": "brecert",
        "repo": "tower-unite-cache",
        "rev": "8c2fd31bd68d5fa440765572da4d99daa4b836f2",
        "type": "github"
      },
      "original": {
        "owner": "brecert",
        "repo": "tower-unite-cache",
        "type": "github"
      }
    }
  },
  "root": "root",
  "version": 7
}
