{
  "nodes": {
    "nixpkgs": {
      "locked": {
        "lastModified": 1686380562,
        "narHash": "sha256-B2GnkoTiZA3+szD5YAaAswsQKT/kR0Jm3ew+qpnn9fI=",
        "owner": "NixOS",
        "repo": "nixpkgs",
        "rev": "27d63d563f7915f7568a2fa84af009e1ecad12dd",
        "type": "github"
      },
      "original": {
        "owner": "NixOS",
        "repo": "nixpkgs",
        "type": "github"
      }
    },
    "nixpkgs-old": {
      "locked": {
        "lastModified": 1622516815,
        "narHash": "sha256-ZjBd81a6J3TwtlBr3rHsZspYUwT9OdhDk+a/SgSEf7I=",
        "owner": "NixOS",
        "repo": "nixpkgs",
        "rev": "7e9b0dff974c89e070da1ad85713ff3c20b0ca97",
        "type": "github"
      },
      "original": {
        "owner": "NixOS",
        "ref": "21.05",
        "repo": "nixpkgs",
        "type": "github"
      }
    },
    "root": {
      "inputs": {
        "nixpkgs": "nixpkgs",
        "nixpkgs-old": "nixpkgs-old"
      }
    }
  },
  "root": "root",
  "version": 7
}
